{
  "name": "fakebook-backend",
  "version": "1.0.0",
  "lockfileVersion": 1,
  "requires": true,
  "dependencies": {
    "jest": {
      "version": "24.8.0",
      "resolved": "https://registry.npm.taobao.org/jest/download/jest-24.8.0.tgz",
      "dev": true
    },
    "koa": {
      "version": "2.7.0",
      "resolved": "https://registry.npm.taobao.org/koa/download/koa-2.7.0.tgz",
      "dependencies": {
        "accepts": {
          "version": "https://registry.npm.taobao.org/accepts/download/accepts-1.3.7.tgz"
        },
        "cache-content-type": {
          "version": "https://registry.npm.taobao.org/cache-content-type/download/cache-content-type-1.0.1.tgz"
        },
        "content-disposition": {
          "version": "https://registry.npm.taobao.org/content-disposition/download/content-disposition-0.5.3.tgz"
        },
        "content-type": {
          "version": "https://registry.npm.taobao.org/content-type/download/content-type-1.0.4.tgz"
        },
        "cookies": {
          "version": "https://registry.npm.taobao.org/cookies/download/cookies-0.7.3.tgz"
        },
        "debug": {
          "version": "https://registry.npm.taobao.org/debug/download/debug-3.1.0.tgz"
        },
        "delegates": {
          "version": "https://registry.npm.taobao.org/delegates/download/delegates-1.0.0.tgz"
        },
        "depd": {
          "version": "https://registry.npm.taobao.org/depd/download/depd-1.1.2.tgz"
        },
        "destroy": {
          "version": "https://registry.npm.taobao.org/destroy/download/destroy-1.0.4.tgz"
        },
        "error-inject": {
          "version": "https://registry.npm.taobao.org/error-inject/download/error-inject-1.0.0.tgz"
        },
        "escape-html": {
          "version": "https://registry.npm.taobao.org/escape-html/download/escape-html-1.0.3.tgz"
        },
        "fresh": {
          "version": "https://registry.npm.taobao.org/fresh/download/fresh-0.5.2.tgz"
        },
        "http-assert": {
          "version": "https://registry.npm.taobao.org/http-assert/download/http-assert-1.4.1.tgz"
        },
        "http-errors": {
          "version": "https://registry.npm.taobao.org/http-errors/download/http-errors-1.7.2.tgz",
          "dependencies": {
            "depd": {
              "version": "https://registry.npm.taobao.org/depd/download/depd-1.1.2.tgz",
              "bundled": true
            },
            "inherits": {
              "version": "https://registry.npm.taobao.org/inherits/download/inherits-2.0.3.tgz",
              "bundled": true
            },
            "setprototypeof": {
              "version": "https://registry.npm.taobao.org/setprototypeof/download/setprototypeof-1.1.1.tgz",
              "bundled": true
            },
            "statuses": {
              "version": "https://registry.npm.taobao.org/statuses/download/statuses-1.5.0.tgz",
              "bundled": true
            },
            "toidentifier": {
              "version": "https://registry.npm.taobao.org/toidentifier/download/toidentifier-1.0.0.tgz",
              "bundled": true
            }
          }
        },
        "is-generator-function": {
          "version": "https://registry.npm.taobao.org/is-generator-function/download/is-generator-function-1.0.7.tgz"
        },
        "koa-compose": {
          "version": "https://registry.npm.taobao.org/koa-compose/download/koa-compose-4.1.0.tgz"
        },
        "koa-convert": {
          "version": "https://registry.npm.taobao.org/koa-convert/download/koa-convert-1.2.0.tgz"
        },
        "koa-is-json": {
          "version": "https://registry.npm.taobao.org/koa-is-json/download/koa-is-json-1.0.0.tgz"
        },
        "on-finished": {
          "version": "https://registry.npm.taobao.org/on-finished/download/on-finished-2.3.0.tgz"
        },
        "only": {
          "version": "https://registry.npm.taobao.org/only/download/only-0.0.2.tgz"
        },
        "parseurl": {
          "version": "https://registry.npm.taobao.org/parseurl/download/parseurl-1.3.3.tgz"
        },
        "statuses": {
          "version": "https://registry.npm.taobao.org/statuses/download/statuses-1.5.0.tgz"
        },
        "type-is": {
          "version": "https://registry.npm.taobao.org/type-is/download/type-is-1.6.18.tgz",
          "dependencies": {
            "media-typer": {
              "version": "https://registry.npm.taobao.org/media-typer/download/media-typer-0.3.0.tgz",
              "bundled": true
            },
            "mime-types": {
              "version": "https://registry.npm.taobao.org/mime-types/download/mime-types-2.1.24.tgz",
              "bundled": true,
              "dependencies": {
                "mime-db": {
                  "version": "https://registry.npm.taobao.org/mime-db/download/mime-db-1.40.0.tgz"
                }
              }
            }
          }
        },
        "vary": {
          "version": "https://registry.npm.taobao.org/vary/download/vary-1.1.2.tgz"
        }
      }
    },
    "koa2-cors": {
      "version": "2.0.6",
      "resolved": "https://registry.npmjs.org/koa2-cors/-/koa2-cors-2.0.6.tgz",
      "integrity": "sha512-JRCcSM4lamM+8kvKGDKlesYk2ASrmSTczDtGUnIadqMgnHU4Ct5Gw7Bxt3w3m6d6dy3WN0PU4oMP43HbddDEWg=="
    },
    "nodemon": {
      "version": "1.19.0",
      "resolved": "https://registry.npm.taobao.org/nodemon/download/nodemon-1.19.0.tgz",
      "dependencies": {
        "chokidar": {
          "version": "https://registry.npm.taobao.org/chokidar/download/chokidar-2.1.5.tgz"
        },
        "debug": {
          "version": "https://registry.npm.taobao.org/debug/download/debug-3.2.6.tgz",
          "dependencies": {
            "ms": {
              "version": "https://registry.npm.taobao.org/ms/download/ms-2.1.1.tgz"
            }
          }
        },
        "ignore-by-default": {
          "version": "https://registry.npm.taobao.org/ignore-by-default/download/ignore-by-default-1.0.1.tgz"
        },
        "minimatch": {
          "version": "https://registry.npm.taobao.org/minimatch/download/minimatch-3.0.4.tgz",
          "dependencies": {
            "brace-expansion": {
              "version": "https://registry.npm.taobao.org/brace-expansion/download/brace-expansion-1.1.11.tgz",
              "bundled": true
            }
          }
        },
        "pstree.remy": {
          "version": "https://registry.npm.taobao.org/pstree.remy/download/pstree.remy-1.1.6.tgz"
        },
        "semver": {
          "version": "https://registry.npm.taobao.org/semver/download/semver-5.7.0.tgz"
        },
        "supports-color": {
          "version": "https://registry.npm.taobao.org/supports-color/download/supports-color-5.5.0.tgz",
          "dependencies": {
            "has-flag": {
              "version": "https://registry.npm.taobao.org/has-flag/download/has-flag-3.0.0.tgz",
              "bundled": true
            }
          }
        },
        "touch": {
          "version": "https://registry.npm.taobao.org/touch/download/touch-3.1.0.tgz"
        },
        "undefsafe": {
          "version": "https://registry.npm.taobao.org/undefsafe/download/undefsafe-2.0.2.tgz"
        },
        "update-notifier": {
          "version": "https://registry.npm.taobao.org/update-notifier/download/update-notifier-2.5.0.tgz"
        }
      }
    },
    "supertest": {
      "version": "4.0.2",
      "resolved": "https://registry.npm.taobao.org/supertest/download/supertest-4.0.2.tgz",
      "dev": true,
      "dependencies": {
        "methods": {
          "version": "https://registry.npm.taobao.org/methods/download/methods-1.1.2.tgz"
        },
        "superagent": {
          "version": "https://registry.npm.taobao.org/superagent/download/superagent-3.8.3.tgz",
          "dependencies": {
            "component-emitter": {
              "version": "https://registry.npm.taobao.org/component-emitter/download/component-emitter-1.3.0.tgz",
              "bundled": true
            },
            "cookiejar": {
              "version": "https://registry.npm.taobao.org/cookiejar/download/cookiejar-2.1.2.tgz",
              "bundled": true
            },
            "debug": {
              "version": "https://registry.npm.taobao.org/debug/download/debug-3.2.6.tgz",
              "bundled": true
            },
            "extend": {
              "version": "https://registry.npm.taobao.org/extend/download/extend-3.0.2.tgz",
              "bundled": true
            },
            "form-data": {
              "version": "https://registry.npm.taobao.org/form-data/download/form-data-2.3.3.tgz",
              "bundled": true,
              "dependencies": {
                "asynckit": {
                  "version": "https://registry.npm.taobao.org/asynckit/download/asynckit-0.4.0.tgz",
                  "bundled": true
                },
                "combined-stream": {
                  "version": "https://registry.npm.taobao.org/combined-stream/download/combined-stream-1.0.7.tgz",
                  "bundled": true
                },
                "mime-types": {
                  "version": "https://registry.npm.taobao.org/mime-types/download/mime-types-2.1.24.tgz",
                  "bundled": true,
                  "dependencies": {
                    "mime-db": {
                      "version": "https://registry.npm.taobao.org/mime-db/download/mime-db-1.40.0.tgz"
                    }
                  }
                }
              }
            },
            "formidable": {
              "version": "https://registry.npm.taobao.org/formidable/download/formidable-1.2.1.tgz",
              "bundled": true
            },
            "methods": {
              "version": "https://registry.npm.taobao.org/methods/download/methods-1.1.2.tgz",
              "bundled": true
            },
            "mime": {
              "version": "https://registry.npm.taobao.org/mime/download/mime-1.6.0.tgz",
              "bundled": true
            },
            "qs": {
              "version": "https://registry.npm.taobao.org/qs/download/qs-6.7.0.tgz",
              "bundled": true
            },
            "readable-stream": {
              "version": "https://registry.npm.taobao.org/readable-stream/download/readable-stream-2.3.6.tgz",
              "bundled": true,
              "dependencies": {
                "core-util-is": {
                  "version": "https://registry.npm.taobao.org/core-util-is/download/core-util-is-1.0.2.tgz",
                  "bundled": true
                },
                "inherits": {
                  "version": "https://registry.npm.taobao.org/inherits/download/inherits-2.0.3.tgz",
                  "bundled": true
                },
                "isarray": {
                  "version": "https://registry.npm.taobao.org/isarray/download/isarray-1.0.0.tgz",
                  "bundled": true
                },
                "process-nextick-args": {
                  "version": "https://registry.npm.taobao.org/process-nextick-args/download/process-nextick-args-2.0.0.tgz",
                  "bundled": true
                },
                "safe-buffer": {
                  "version": "https://registry.npm.taobao.org/safe-buffer/download/safe-buffer-5.1.2.tgz",
                  "bundled": true
                },
                "string_decoder": {
                  "version": "https://registry.npm.taobao.org/string_decoder/download/string_decoder-1.1.1.tgz",
                  "bundled": true
                },
                "util-deprecate": {
                  "version": "https://registry.npm.taobao.org/util-deprecate/download/util-deprecate-1.0.2.tgz",
                  "bundled": true
                }
              }
            }
          }
        }
      }
    }
  }
}
